
Microsoft Visual Studio Solution File, Format Version 12.00
# Visual Studio Version 16
VisualStudioVersion = 16.0.29709.97
MinimumVisualStudioVersion = 10.0.40219.1
Project("{9A19103F-16F7-4668-BE54-9A1E7A4F7556}") = "BinaryDataDecoders.ToolKit", "BinaryDataDecoders.ToolKit\BinaryDataDecoders.ToolKit.csproj", "{CCC451DD-8ADB-4F9E-94D7-7F415320129D}"
EndProject
Project("{9A19103F-16F7-4668-BE54-9A1E7A4F7556}") = "BinaryDataDecoders.ElectronicScoringMachines.Fencing", "BinaryDataDecoders.ElectronicScoringMachines.Fencing\BinaryDataDecoders.ElectronicScoringMachines.Fencing.csproj", "{19BF4DDD-5A59-4D29-AA5E-B6F2251D3AAF}"
EndProject
Project("{9A19103F-16F7-4668-BE54-9A1E7A4F7556}") = "BinaryDataDecoders.ElectronicScoringMachines.Fencing.Tests", "BinaryDataDecoders.ElectronicScoringMachines.Fencing.Tests\BinaryDataDecoders.ElectronicScoringMachines.Fencing.Tests.csproj", "{042BA283-D97F-40CF-92E1-0A36F088C4AA}"
EndProject
Project("{9A19103F-16F7-4668-BE54-9A1E7A4F7556}") = "BinaryDataDecoders.ToolKit.Tests", "BinaryDataDecoders.ToolKit.Tests\BinaryDataDecoders.ToolKit.Tests.csproj", "{F779201E-2DCC-4C6E-B46C-574F9FAA7D5A}"
EndProject
Project("{9A19103F-16F7-4668-BE54-9A1E7A4F7556}") = "BinaryDataDecoders.Apple2", "BinaryDataDecoders.Apple2\BinaryDataDecoders.Apple2.csproj", "{196C12EC-4ED9-47AA-97EC-6B9CD7EDD3AD}"
EndProject
Project("{9A19103F-16F7-4668-BE54-9A1E7A4F7556}") = "BinaryDataDecoders.FileSystems", "BinaryDataDecoders.FileSystems\BinaryDataDecoders.FileSystems.csproj", "{99950CC1-F04E-4A88-935F-6AA5D635FE11}"
EndProject
Project("{9A19103F-16F7-4668-BE54-9A1E7A4F7556}") = "BinaryDataDecoders.Archives", "BinaryDataDecoders.Archives\BinaryDataDecoders.Archives.csproj", "{1F4C8246-0359-46A5-8255-1733B0ACC57F}"
EndProject
Project("{9A19103F-16F7-4668-BE54-9A1E7A4F7556}") = "BinaryDataDecoders.Cryptography", "BinaryDataDecoders.Cryptography\BinaryDataDecoders.Cryptography.csproj", "{C11A466D-3541-446D-BAF9-BEC92A0021E4}"
EndProject
Project("{9A19103F-16F7-4668-BE54-9A1E7A4F7556}") = "BinaryDataDecoders.Cryptography.Tests", "BinaryDataDecoders.Cryptography.Tests\BinaryDataDecoders.Cryptography.Tests.csproj", "{E42FA50E-05BA-4C78-AF03-D965A3D09F75}"
EndProject
Project("{9A19103F-16F7-4668-BE54-9A1E7A4F7556}") = "BinaryDataDecoders.Serial.Cli", "BinaryDataDecoders.Serial.Cli\BinaryDataDecoders.Serial.Cli.csproj", "{5EB159DD-6468-4930-B54B-A864DA887EF1}"
EndProject
Project("{9A19103F-16F7-4668-BE54-9A1E7A4F7556}") = "BinaryDataDecoders.IO", "BinaryDataDecoders.IO\BinaryDataDecoders.IO.csproj", "{133E7C19-78A9-4665-B69F-ADC70A1BEA30}"
EndProject
Project("{9A19103F-16F7-4668-BE54-9A1E7A4F7556}") = "BinaryDataDecoders.FocusRite", "BinaryDataDecoders.FocusRite\BinaryDataDecoders.FocusRite.csproj", "{11C08328-3BC1-43EC-833D-29FF958FE9F0}"
EndProject
Project("{9A19103F-16F7-4668-BE54-9A1E7A4F7556}") = "BinaryDataDecoders.EByteElectronicTechnology", "BinaryDataDecoders.EByteElectronicTechnology\BinaryDataDecoders.EByteElectronicTechnology.csproj", "{897B7D4E-816C-455E-8F29-7C1F510C7CBE}"
EndProject
Project("{FAE04EC0-301F-11D3-BF4B-00C04F79EFBC}") = "BinaryDataDecoders.Nmea", "BinaryDataDecoders.Nmea\BinaryDataDecoders.Nmea.csproj", "{84E594E1-EC9F-4092-95C8-D18AD9B1801B}"
EndProject
Global
	GlobalSection(SolutionConfigurationPlatforms) = preSolution
		Debug|Any CPU = Debug|Any CPU
		Release|Any CPU = Release|Any CPU
	EndGlobalSection
	GlobalSection(ProjectConfigurationPlatforms) = postSolution
		{CCC451DD-8ADB-4F9E-94D7-7F415320129D}.Debug|Any CPU.ActiveCfg = Debug|Any CPU
		{CCC451DD-8ADB-4F9E-94D7-7F415320129D}.Debug|Any CPU.Build.0 = Debug|Any CPU
		{CCC451DD-8ADB-4F9E-94D7-7F415320129D}.Release|Any CPU.ActiveCfg = Release|Any CPU
		{CCC451DD-8ADB-4F9E-94D7-7F415320129D}.Release|Any CPU.Build.0 = Release|Any CPU
		{19BF4DDD-5A59-4D29-AA5E-B6F2251D3AAF}.Debug|Any CPU.ActiveCfg = Debug|Any CPU
		{19BF4DDD-5A59-4D29-AA5E-B6F2251D3AAF}.Debug|Any CPU.Build.0 = Debug|Any CPU
		{19BF4DDD-5A59-4D29-AA5E-B6F2251D3AAF}.Release|Any CPU.ActiveCfg = Release|Any CPU
		{19BF4DDD-5A59-4D29-AA5E-B6F2251D3AAF}.Release|Any CPU.Build.0 = Release|Any CPU
		{042BA283-D97F-40CF-92E1-0A36F088C4AA}.Debug|Any CPU.ActiveCfg = Debug|Any CPU
		{042BA283-D97F-40CF-92E1-0A36F088C4AA}.Debug|Any CPU.Build.0 = Debug|Any CPU
		{042BA283-D97F-40CF-92E1-0A36F088C4AA}.Release|Any CPU.ActiveCfg = Release|Any CPU
		{042BA283-D97F-40CF-92E1-0A36F088C4AA}.Release|Any CPU.Build.0 = Release|Any CPU
		{F779201E-2DCC-4C6E-B46C-574F9FAA7D5A}.Debug|Any CPU.ActiveCfg = Debug|Any CPU
		{F779201E-2DCC-4C6E-B46C-574F9FAA7D5A}.Debug|Any CPU.Build.0 = Debug|Any CPU
		{F779201E-2DCC-4C6E-B46C-574F9FAA7D5A}.Release|Any CPU.ActiveCfg = Release|Any CPU
		{F779201E-2DCC-4C6E-B46C-574F9FAA7D5A}.Release|Any CPU.Build.0 = Release|Any CPU
		{196C12EC-4ED9-47AA-97EC-6B9CD7EDD3AD}.Debug|Any CPU.ActiveCfg = Debug|Any CPU
		{196C12EC-4ED9-47AA-97EC-6B9CD7EDD3AD}.Debug|Any CPU.Build.0 = Debug|Any CPU
		{196C12EC-4ED9-47AA-97EC-6B9CD7EDD3AD}.Release|Any CPU.ActiveCfg = Release|Any CPU
		{196C12EC-4ED9-47AA-97EC-6B9CD7EDD3AD}.Release|Any CPU.Build.0 = Release|Any CPU
		{99950CC1-F04E-4A88-935F-6AA5D635FE11}.Debug|Any CPU.ActiveCfg = Debug|Any CPU
		{99950CC1-F04E-4A88-935F-6AA5D635FE11}.Debug|Any CPU.Build.0 = Debug|Any CPU
		{99950CC1-F04E-4A88-935F-6AA5D635FE11}.Release|Any CPU.ActiveCfg = Release|Any CPU
		{99950CC1-F04E-4A88-935F-6AA5D635FE11}.Release|Any CPU.Build.0 = Release|Any CPU
		{1F4C8246-0359-46A5-8255-1733B0ACC57F}.Debug|Any CPU.ActiveCfg = Debug|Any CPU
		{1F4C8246-0359-46A5-8255-1733B0ACC57F}.Debug|Any CPU.Build.0 = Debug|Any CPU
		{1F4C8246-0359-46A5-8255-1733B0ACC57F}.Release|Any CPU.ActiveCfg = Release|Any CPU
		{1F4C8246-0359-46A5-8255-1733B0ACC57F}.Release|Any CPU.Build.0 = Release|Any CPU
		{C11A466D-3541-446D-BAF9-BEC92A0021E4}.Debug|Any CPU.ActiveCfg = Debug|Any CPU
		{C11A466D-3541-446D-BAF9-BEC92A0021E4}.Debug|Any CPU.Build.0 = Debug|Any CPU
		{C11A466D-3541-446D-BAF9-BEC92A0021E4}.Release|Any CPU.ActiveCfg = Release|Any CPU
		{C11A466D-3541-446D-BAF9-BEC92A0021E4}.Release|Any CPU.Build.0 = Release|Any CPU
		{E42FA50E-05BA-4C78-AF03-D965A3D09F75}.Debug|Any CPU.ActiveCfg = Debug|Any CPU
		{E42FA50E-05BA-4C78-AF03-D965A3D09F75}.Debug|Any CPU.Build.0 = Debug|Any CPU
		{E42FA50E-05BA-4C78-AF03-D965A3D09F75}.Release|Any CPU.ActiveCfg = Release|Any CPU
		{E42FA50E-05BA-4C78-AF03-D965A3D09F75}.Release|Any CPU.Build.0 = Release|Any CPU
		{5EB159DD-6468-4930-B54B-A864DA887EF1}.Debug|Any CPU.ActiveCfg = Debug|Any CPU
		{5EB159DD-6468-4930-B54B-A864DA887EF1}.Debug|Any CPU.Build.0 = Debug|Any CPU
		{5EB159DD-6468-4930-B54B-A864DA887EF1}.Release|Any CPU.ActiveCfg = Release|Any CPU
		{5EB159DD-6468-4930-B54B-A864DA887EF1}.Release|Any CPU.Build.0 = Release|Any CPU
		{133E7C19-78A9-4665-B69F-ADC70A1BEA30}.Debug|Any CPU.ActiveCfg = Debug|Any CPU
		{133E7C19-78A9-4665-B69F-ADC70A1BEA30}.Debug|Any CPU.Build.0 = Debug|Any CPU
		{133E7C19-78A9-4665-B69F-ADC70A1BEA30}.Release|Any CPU.ActiveCfg = Release|Any CPU
		{133E7C19-78A9-4665-B69F-ADC70A1BEA30}.Release|Any CPU.Build.0 = Release|Any CPU
		{11C08328-3BC1-43EC-833D-29FF958FE9F0}.Debug|Any CPU.ActiveCfg = Debug|Any CPU
		{11C08328-3BC1-43EC-833D-29FF958FE9F0}.Debug|Any CPU.Build.0 = Debug|Any CPU
		{11C08328-3BC1-43EC-833D-29FF958FE9F0}.Release|Any CPU.ActiveCfg = Release|Any CPU
		{11C08328-3BC1-43EC-833D-29FF958FE9F0}.Release|Any CPU.Build.0 = Release|Any CPU
		{897B7D4E-816C-455E-8F29-7C1F510C7CBE}.Debug|Any CPU.ActiveCfg = Debug|Any CPU
		{897B7D4E-816C-455E-8F29-7C1F510C7CBE}.Debug|Any CPU.Build.0 = Debug|Any CPU
		{897B7D4E-816C-455E-8F29-7C1F510C7CBE}.Release|Any CPU.ActiveCfg = Release|Any CPU
		{897B7D4E-816C-455E-8F29-7C1F510C7CBE}.Release|Any CPU.Build.0 = Release|Any CPU
		{84E594E1-EC9F-4092-95C8-D18AD9B1801B}.Debug|Any CPU.ActiveCfg = Debug|Any CPU
		{84E594E1-EC9F-4092-95C8-D18AD9B1801B}.Debug|Any CPU.Build.0 = Debug|Any CPU
		{84E594E1-EC9F-4092-95C8-D18AD9B1801B}.Release|Any CPU.ActiveCfg = Release|Any CPU
		{84E594E1-EC9F-4092-95C8-D18AD9B1801B}.Release|Any CPU.Build.0 = Release|Any CPU
	EndGlobalSection
	GlobalSection(SolutionProperties) = preSolution
		HideSolutionNode = FALSE
	EndGlobalSection
	GlobalSection(ExtensibilityGlobals) = postSolution
		SolutionGuid = {4A0F5E9F-1152-44D6-AAC1-32C474A8585F}
	EndGlobalSection
EndGlobal
